
Microsoft Visual Studio Solution File, Format Version 12.00
# Visual Studio 15
VisualStudioVersion = 15.0.27130.2027
MinimumVisualStudioVersion = 10.0.40219.1
Project("{FAE04EC0-301F-11D3-BF4B-00C04F79EFBC}") = "Estatisticas", "Estatisticas\Estatisticas.csproj", "{9C09C9E7-FE94-4D2E-B229-EF9B7D895DBE}"
EndProject
Global
	GlobalSection(SolutionConfigurationPlatforms) = preSolution
		Debug|Any CPU = Debug|Any CPU
		Release|Any CPU = Release|Any CPU
	EndGlobalSection
	GlobalSection(ProjectConfigurationPlatforms) = postSolution
		{9C09C9E7-FE94-4D2E-B229-EF9B7D895DBE}.Debug|Any CPU.ActiveCfg = Debug|Any CPU
		{9C09C9E7-FE94-4D2E-B229-EF9B7D895DBE}.Debug|Any CPU.Build.0 = Debug|Any CPU
		{9C09C9E7-FE94-4D2E-B229-EF9B7D895DBE}.Release|Any CPU.ActiveCfg = Release|Any CPU
		{9C09C9E7-FE94-4D2E-B229-EF9B7D895DBE}.Release|Any CPU.Build.0 = Release|Any CPU
	EndGlobalSection
	GlobalSection(SolutionProperties) = preSolution
		HideSolutionNode = FALSE
	EndGlobalSection
	GlobalSection(ExtensibilityGlobals) = postSolution
		SolutionGuid = {42894C31-80A3-49A9-A4BD-CA7F8A0BAE2C}
	EndGlobalSection
EndGlobal
